
Microsoft Visual Studio Solution File, Format Version 12.00
# Visual Studio 15
VisualStudioVersion = 15.0.26711.1
MinimumVisualStudioVersion = 10.0.40219.1
Project("{9A19103F-16F7-4668-BE54-9A1E7A4F7556}") = "BreakingChangeManager.Core", "BreakingChangeManager.Core\BreakingChangeManager.Core.csproj", "{C3BDE2B7-5C0D-4E9A-B18F-075D9A6AB10A}"
EndProject
Project("{9A19103F-16F7-4668-BE54-9A1E7A4F7556}") = "BreakingChangeManager.Core.Tests", "BreakingChangeManager.Core.Tests\BreakingChangeManager.Core.Tests.csproj", "{C60D461C-708C-4923-AC0B-7232C5F6056B}"
EndProject
Global
	GlobalSection(SolutionConfigurationPlatforms) = preSolution
		Debug|Any CPU = Debug|Any CPU
		Debug|x64 = Debug|x64
		Debug|x86 = Debug|x86
		Release|Any CPU = Release|Any CPU
		Release|x64 = Release|x64
		Release|x86 = Release|x86
	EndGlobalSection
	GlobalSection(ProjectConfigurationPlatforms) = postSolution
		{C3BDE2B7-5C0D-4E9A-B18F-075D9A6AB10A}.Debug|Any CPU.ActiveCfg = Debug|Any CPU
		{C3BDE2B7-5C0D-4E9A-B18F-075D9A6AB10A}.Debug|Any CPU.Build.0 = Debug|Any CPU
		{C3BDE2B7-5C0D-4E9A-B18F-075D9A6AB10A}.Debug|x64.ActiveCfg = Debug|Any CPU
		{C3BDE2B7-5C0D-4E9A-B18F-075D9A6AB10A}.Debug|x64.Build.0 = Debug|Any CPU
		{C3BDE2B7-5C0D-4E9A-B18F-075D9A6AB10A}.Debug|x86.ActiveCfg = Debug|Any CPU
		{C3BDE2B7-5C0D-4E9A-B18F-075D9A6AB10A}.Debug|x86.Build.0 = Debug|Any CPU
		{C3BDE2B7-5C0D-4E9A-B18F-075D9A6AB10A}.Release|Any CPU.ActiveCfg = Release|Any CPU
		{C3BDE2B7-5C0D-4E9A-B18F-075D9A6AB10A}.Release|Any CPU.Build.0 = Release|Any CPU
		{C3BDE2B7-5C0D-4E9A-B18F-075D9A6AB10A}.Release|x64.ActiveCfg = Release|Any CPU
		{C3BDE2B7-5C0D-4E9A-B18F-075D9A6AB10A}.Release|x64.Build.0 = Release|Any CPU
		{C3BDE2B7-5C0D-4E9A-B18F-075D9A6AB10A}.Release|x86.ActiveCfg = Release|Any CPU
		{C3BDE2B7-5C0D-4E9A-B18F-075D9A6AB10A}.Release|x86.Build.0 = Release|Any CPU
		{C60D461C-708C-4923-AC0B-7232C5F6056B}.Debug|Any CPU.ActiveCfg = Debug|Any CPU
		{C60D461C-708C-4923-AC0B-7232C5F6056B}.Debug|Any CPU.Build.0 = Debug|Any CPU
		{C60D461C-708C-4923-AC0B-7232C5F6056B}.Debug|x64.ActiveCfg = Debug|Any CPU
		{C60D461C-708C-4923-AC0B-7232C5F6056B}.Debug|x64.Build.0 = Debug|Any CPU
		{C60D461C-708C-4923-AC0B-7232C5F6056B}.Debug|x86.ActiveCfg = Debug|Any CPU
		{C60D461C-708C-4923-AC0B-7232C5F6056B}.Debug|x86.Build.0 = Debug|Any CPU
		{C60D461C-708C-4923-AC0B-7232C5F6056B}.Release|Any CPU.ActiveCfg = Release|Any CPU
		{C60D461C-708C-4923-AC0B-7232C5F6056B}.Release|Any CPU.Build.0 = Release|Any CPU
		{C60D461C-708C-4923-AC0B-7232C5F6056B}.Release|x64.ActiveCfg = Release|Any CPU
		{C60D461C-708C-4923-AC0B-7232C5F6056B}.Release|x64.Build.0 = Release|Any CPU
		{C60D461C-708C-4923-AC0B-7232C5F6056B}.Release|x86.ActiveCfg = Release|Any CPU
		{C60D461C-708C-4923-AC0B-7232C5F6056B}.Release|x86.Build.0 = Release|Any CPU
	EndGlobalSection
	GlobalSection(SolutionProperties) = preSolution
		HideSolutionNode = FALSE
	EndGlobalSection
	GlobalSection(ExtensibilityGlobals) = postSolution
		SolutionGuid = {ED0520A1-5529-4F6B-A28F-A689E9C2C90C}
	EndGlobalSection
EndGlobal
